
Microsoft Visual Studio Solution File, Format Version 12.00
# Visual Studio Version 17
VisualStudioVersion = 17.9.34723.18
MinimumVisualStudioVersion = 10.0.40219.1
Project("{FAE04EC0-301F-11D3-BF4B-00C04F79EFBC}") = "AbstractFactorytask", "AbstractFactorytask\AbstractFactorytask.csproj", "{1E382CD9-12CF-4A71-96E2-DCEE9641C84C}"
EndProject
Global
	GlobalSection(SolutionConfigurationPlatforms) = preSolution
		Debug|Any CPU = Debug|Any CPU
		Release|Any CPU = Release|Any CPU
	EndGlobalSection
	GlobalSection(ProjectConfigurationPlatforms) = postSolution
		{1E382CD9-12CF-4A71-96E2-DCEE9641C84C}.Debug|Any CPU.ActiveCfg = Debug|Any CPU
		{1E382CD9-12CF-4A71-96E2-DCEE9641C84C}.Debug|Any CPU.Build.0 = Debug|Any CPU
		{1E382CD9-12CF-4A71-96E2-DCEE9641C84C}.Release|Any CPU.ActiveCfg = Release|Any CPU
		{1E382CD9-12CF-4A71-96E2-DCEE9641C84C}.Release|Any CPU.Build.0 = Release|Any CPU
	EndGlobalSection
	GlobalSection(SolutionProperties) = preSolution
		HideSolutionNode = FALSE
	EndGlobalSection
	GlobalSection(ExtensibilityGlobals) = postSolution
		SolutionGuid = {103326F2-7719-4970-94DB-836F21CFEC4F}
	EndGlobalSection
EndGlobal
